
Microsoft Visual Studio Solution File, Format Version 12.00
# Visual Studio Version 17
VisualStudioVersion = 17.13.35825.156 d17.13
MinimumVisualStudioVersion = 10.0.40219.1
Project("{FAE04EC0-301F-11D3-BF4B-00C04F79EFBC}") = "List Application", "List Application\List Application.csproj", "{8B8F2AD6-98B6-49F1-A049-1F0F0A81B10E}"
EndProject
Global
	GlobalSection(SolutionConfigurationPlatforms) = preSolution
		Debug|Any CPU = Debug|Any CPU
		Release|Any CPU = Release|Any CPU
	EndGlobalSection
	GlobalSection(ProjectConfigurationPlatforms) = postSolution
		{8B8F2AD6-98B6-49F1-A049-1F0F0A81B10E}.Debug|Any CPU.ActiveCfg = Debug|Any CPU
		{8B8F2AD6-98B6-49F1-A049-1F0F0A81B10E}.Debug|Any CPU.Build.0 = Debug|Any CPU
		{8B8F2AD6-98B6-49F1-A049-1F0F0A81B10E}.Release|Any CPU.ActiveCfg = Release|Any CPU
		{8B8F2AD6-98B6-49F1-A049-1F0F0A81B10E}.Release|Any CPU.Build.0 = Release|Any CPU
	EndGlobalSection
	GlobalSection(SolutionProperties) = preSolution
		HideSolutionNode = FALSE
	EndGlobalSection
	GlobalSection(ExtensibilityGlobals) = postSolution
		SolutionGuid = {9759BBFD-E10F-4C34-A74A-6B42CB883A67}
	EndGlobalSection
EndGlobal
